
Microsoft Visual Studio Solution File, Format Version 12.00
# Visual Studio Version 17
VisualStudioVersion = 17.14.36623.8 d17.14
MinimumVisualStudioVersion = 10.0.40219.1
Project("{FAE04EC0-301F-11D3-BF4B-00C04F79EFBC}") = "14-StatiClassExtensionMethodsExceptionss", "14-StatiClassExtensionMethodsExceptionss.csproj", "{AD6B5A92-E965-491B-BA4D-5CA66C327371}"
EndProject
Global
	GlobalSection(SolutionConfigurationPlatforms) = preSolution
		Debug|Any CPU = Debug|Any CPU
		Release|Any CPU = Release|Any CPU
	EndGlobalSection
	GlobalSection(ProjectConfigurationPlatforms) = postSolution
		{AD6B5A92-E965-491B-BA4D-5CA66C327371}.Debug|Any CPU.ActiveCfg = Debug|Any CPU
		{AD6B5A92-E965-491B-BA4D-5CA66C327371}.Debug|Any CPU.Build.0 = Debug|Any CPU
		{AD6B5A92-E965-491B-BA4D-5CA66C327371}.Release|Any CPU.ActiveCfg = Release|Any CPU
		{AD6B5A92-E965-491B-BA4D-5CA66C327371}.Release|Any CPU.Build.0 = Release|Any CPU
	EndGlobalSection
	GlobalSection(SolutionProperties) = preSolution
		HideSolutionNode = FALSE
	EndGlobalSection
	GlobalSection(ExtensibilityGlobals) = postSolution
		SolutionGuid = {2FA6219A-BB9F-4992-9499-7126E075D8FD}
	EndGlobalSection
EndGlobal
